
Microsoft Visual Studio Solution File, Format Version 12.00
# Visual Studio Version 17
VisualStudioVersion = 17.3.32811.315
MinimumVisualStudioVersion = 10.0.40219.1
Project("{FAE04EC0-301F-11D3-BF4B-00C04F79EFBC}") = "Bulkybook", "Bulkybook\Bulkybook.csproj", "{ACBB0839-6E91-4ABB-8E6C-1C712A5904A3}"
EndProject
Global
	GlobalSection(SolutionConfigurationPlatforms) = preSolution
		Debug|Any CPU = Debug|Any CPU
		Release|Any CPU = Release|Any CPU
	EndGlobalSection
	GlobalSection(ProjectConfigurationPlatforms) = postSolution
		{ACBB0839-6E91-4ABB-8E6C-1C712A5904A3}.Debug|Any CPU.ActiveCfg = Debug|Any CPU
		{ACBB0839-6E91-4ABB-8E6C-1C712A5904A3}.Debug|Any CPU.Build.0 = Debug|Any CPU
		{ACBB0839-6E91-4ABB-8E6C-1C712A5904A3}.Release|Any CPU.ActiveCfg = Release|Any CPU
		{ACBB0839-6E91-4ABB-8E6C-1C712A5904A3}.Release|Any CPU.Build.0 = Release|Any CPU
	EndGlobalSection
	GlobalSection(SolutionProperties) = preSolution
		HideSolutionNode = FALSE
	EndGlobalSection
	GlobalSection(ExtensibilityGlobals) = postSolution
		SolutionGuid = {2E7574FF-FE8C-4DA8-B3E9-C0B8AB5D0CBD}
	EndGlobalSection
EndGlobal
